
Microsoft Visual Studio Solution File, Format Version 12.00
# Visual Studio Version 17
VisualStudioVersion = 17.1.32319.34
MinimumVisualStudioVersion = 10.0.40219.1
Project("{FAE04EC0-301F-11D3-BF4B-00C04F79EFBC}") = "LetsSpeak", "LetsSpeak\LetsSpeak.csproj", "{32C0AF40-4511-4BDD-9ABB-4FD525C6B1FC}"
EndProject
Global
	GlobalSection(SolutionConfigurationPlatforms) = preSolution
		Debug|Any CPU = Debug|Any CPU
		Release|Any CPU = Release|Any CPU
	EndGlobalSection
	GlobalSection(ProjectConfigurationPlatforms) = postSolution
		{32C0AF40-4511-4BDD-9ABB-4FD525C6B1FC}.Debug|Any CPU.ActiveCfg = Debug|Any CPU
		{32C0AF40-4511-4BDD-9ABB-4FD525C6B1FC}.Debug|Any CPU.Build.0 = Debug|Any CPU
		{32C0AF40-4511-4BDD-9ABB-4FD525C6B1FC}.Release|Any CPU.ActiveCfg = Release|Any CPU
		{32C0AF40-4511-4BDD-9ABB-4FD525C6B1FC}.Release|Any CPU.Build.0 = Release|Any CPU
	EndGlobalSection
	GlobalSection(SolutionProperties) = preSolution
		HideSolutionNode = FALSE
	EndGlobalSection
	GlobalSection(ExtensibilityGlobals) = postSolution
		SolutionGuid = {84AE074B-C36A-4587-8A99-82895A61B5EC}
	EndGlobalSection
EndGlobal
